
Microsoft Visual Studio Solution File, Format Version 12.00
# Visual Studio Version 17
VisualStudioVersion = 17.4.33122.133
MinimumVisualStudioVersion = 10.0.40219.1
Project("{2150E333-8FDC-42A3-9474-1A3956D46DE8}") = "Src", "Src", "{322E7D86-C128-4FC1-9537-C1DFE7C7791C}"
EndProject
Project("{9A19103F-16F7-4668-BE54-9A1E7A4F7556}") = "Web", "Src\Web\Web.csproj", "{78072791-1885-4B85-B624-7B0A5F0824D2}"
EndProject
Project("{2150E333-8FDC-42A3-9474-1A3956D46DE8}") = "Core", "Core", "{19093292-A325-42E6-977A-05D4E94F96DA}"
EndProject
Project("{2150E333-8FDC-42A3-9474-1A3956D46DE8}") = "Infrastructure", "Infrastructure", "{35E5FC27-D888-4C41-A6B8-B245EEC7922A}"
EndProject
Project("{9A19103F-16F7-4668-BE54-9A1E7A4F7556}") = "Contracts", "Src\Core\Contracts\Contracts.csproj", "{905DD4C7-51A1-42A1-9949-752F7CF27E90}"
EndProject
Project("{9A19103F-16F7-4668-BE54-9A1E7A4F7556}") = "Domain", "Src\Core\Domain\Domain.csproj", "{E8481A89-CF41-4870-BC02-CBC331328274}"
EndProject
Project("{9A19103F-16F7-4668-BE54-9A1E7A4F7556}") = "Persistence", "Src\Core\Persistence\Persistence.csproj", "{598B3133-BEB5-4A75-A802-CB63B3C9E9C3}"
EndProject
Project("{9A19103F-16F7-4668-BE54-9A1E7A4F7556}") = "Services", "Src\Core\Services\Services.csproj", "{E8630485-A998-4E4A-A806-3D19A49FC5F7}"
EndProject
Project("{9A19103F-16F7-4668-BE54-9A1E7A4F7556}") = "Services.Abstractions", "Src\Core\Services.Abstractions\Services.Abstractions.csproj", "{937DAB5B-BC1B-4F02-8AD1-244B23F37123}"
EndProject
Project("{9A19103F-16F7-4668-BE54-9A1E7A4F7556}") = "Presentation", "Src\Infrastructure\Presentation\Presentation.csproj", "{DB34410C-2037-423B-9A68-DC1D94340141}"
EndProject
Project("{2150E333-8FDC-42A3-9474-1A3956D46DE8}") = "Tests", "Tests", "{FF62D685-8F96-4249-A1C8-E993449DA9B0}"
EndProject
Project("{9A19103F-16F7-4668-BE54-9A1E7A4F7556}") = "Services.Tests", "Tests\Services.Tests\Services.Tests.csproj", "{7DFEC8A0-E44E-42E3-B264-B27C0E362888}"
EndProject
Global
	GlobalSection(SolutionConfigurationPlatforms) = preSolution
		Debug|Any CPU = Debug|Any CPU
		Release|Any CPU = Release|Any CPU
	EndGlobalSection
	GlobalSection(ProjectConfigurationPlatforms) = postSolution
		{78072791-1885-4B85-B624-7B0A5F0824D2}.Debug|Any CPU.ActiveCfg = Debug|Any CPU
		{78072791-1885-4B85-B624-7B0A5F0824D2}.Debug|Any CPU.Build.0 = Debug|Any CPU
		{78072791-1885-4B85-B624-7B0A5F0824D2}.Release|Any CPU.ActiveCfg = Release|Any CPU
		{78072791-1885-4B85-B624-7B0A5F0824D2}.Release|Any CPU.Build.0 = Release|Any CPU
		{905DD4C7-51A1-42A1-9949-752F7CF27E90}.Debug|Any CPU.ActiveCfg = Debug|Any CPU
		{905DD4C7-51A1-42A1-9949-752F7CF27E90}.Debug|Any CPU.Build.0 = Debug|Any CPU
		{905DD4C7-51A1-42A1-9949-752F7CF27E90}.Release|Any CPU.ActiveCfg = Release|Any CPU
		{905DD4C7-51A1-42A1-9949-752F7CF27E90}.Release|Any CPU.Build.0 = Release|Any CPU
		{E8481A89-CF41-4870-BC02-CBC331328274}.Debug|Any CPU.ActiveCfg = Debug|Any CPU
		{E8481A89-CF41-4870-BC02-CBC331328274}.Debug|Any CPU.Build.0 = Debug|Any CPU
		{E8481A89-CF41-4870-BC02-CBC331328274}.Release|Any CPU.ActiveCfg = Release|Any CPU
		{E8481A89-CF41-4870-BC02-CBC331328274}.Release|Any CPU.Build.0 = Release|Any CPU
		{598B3133-BEB5-4A75-A802-CB63B3C9E9C3}.Debug|Any CPU.ActiveCfg = Debug|Any CPU
		{598B3133-BEB5-4A75-A802-CB63B3C9E9C3}.Debug|Any CPU.Build.0 = Debug|Any CPU
		{598B3133-BEB5-4A75-A802-CB63B3C9E9C3}.Release|Any CPU.ActiveCfg = Release|Any CPU
		{598B3133-BEB5-4A75-A802-CB63B3C9E9C3}.Release|Any CPU.Build.0 = Release|Any CPU
		{E8630485-A998-4E4A-A806-3D19A49FC5F7}.Debug|Any CPU.ActiveCfg = Debug|Any CPU
		{E8630485-A998-4E4A-A806-3D19A49FC5F7}.Debug|Any CPU.Build.0 = Debug|Any CPU
		{E8630485-A998-4E4A-A806-3D19A49FC5F7}.Release|Any CPU.ActiveCfg = Release|Any CPU
		{E8630485-A998-4E4A-A806-3D19A49FC5F7}.Release|Any CPU.Build.0 = Release|Any CPU
		{937DAB5B-BC1B-4F02-8AD1-244B23F37123}.Debug|Any CPU.ActiveCfg = Debug|Any CPU
		{937DAB5B-BC1B-4F02-8AD1-244B23F37123}.Debug|Any CPU.Build.0 = Debug|Any CPU
		{937DAB5B-BC1B-4F02-8AD1-244B23F37123}.Release|Any CPU.ActiveCfg = Release|Any CPU
		{937DAB5B-BC1B-4F02-8AD1-244B23F37123}.Release|Any CPU.Build.0 = Release|Any CPU
		{DB34410C-2037-423B-9A68-DC1D94340141}.Debug|Any CPU.ActiveCfg = Debug|Any CPU
		{DB34410C-2037-423B-9A68-DC1D94340141}.Debug|Any CPU.Build.0 = Debug|Any CPU
		{DB34410C-2037-423B-9A68-DC1D94340141}.Release|Any CPU.ActiveCfg = Release|Any CPU
		{DB34410C-2037-423B-9A68-DC1D94340141}.Release|Any CPU.Build.0 = Release|Any CPU
		{7DFEC8A0-E44E-42E3-B264-B27C0E362888}.Debug|Any CPU.ActiveCfg = Debug|Any CPU
		{7DFEC8A0-E44E-42E3-B264-B27C0E362888}.Debug|Any CPU.Build.0 = Debug|Any CPU
		{7DFEC8A0-E44E-42E3-B264-B27C0E362888}.Release|Any CPU.ActiveCfg = Release|Any CPU
		{7DFEC8A0-E44E-42E3-B264-B27C0E362888}.Release|Any CPU.Build.0 = Release|Any CPU
	EndGlobalSection
	GlobalSection(SolutionProperties) = preSolution
		HideSolutionNode = FALSE
	EndGlobalSection
	GlobalSection(NestedProjects) = preSolution
		{78072791-1885-4B85-B624-7B0A5F0824D2} = {322E7D86-C128-4FC1-9537-C1DFE7C7791C}
		{19093292-A325-42E6-977A-05D4E94F96DA} = {322E7D86-C128-4FC1-9537-C1DFE7C7791C}
		{35E5FC27-D888-4C41-A6B8-B245EEC7922A} = {322E7D86-C128-4FC1-9537-C1DFE7C7791C}
		{905DD4C7-51A1-42A1-9949-752F7CF27E90} = {19093292-A325-42E6-977A-05D4E94F96DA}
		{E8481A89-CF41-4870-BC02-CBC331328274} = {19093292-A325-42E6-977A-05D4E94F96DA}
		{598B3133-BEB5-4A75-A802-CB63B3C9E9C3} = {19093292-A325-42E6-977A-05D4E94F96DA}
		{E8630485-A998-4E4A-A806-3D19A49FC5F7} = {19093292-A325-42E6-977A-05D4E94F96DA}
		{937DAB5B-BC1B-4F02-8AD1-244B23F37123} = {19093292-A325-42E6-977A-05D4E94F96DA}
		{DB34410C-2037-423B-9A68-DC1D94340141} = {35E5FC27-D888-4C41-A6B8-B245EEC7922A}
		{7DFEC8A0-E44E-42E3-B264-B27C0E362888} = {FF62D685-8F96-4249-A1C8-E993449DA9B0}
	EndGlobalSection
	GlobalSection(ExtensibilityGlobals) = postSolution
		SolutionGuid = {4F6B15DE-ED3F-45A3-9164-1EEADE850FE6}
	EndGlobalSection
EndGlobal
